
Microsoft Visual Studio Solution File, Format Version 12.00
# Visual Studio Version 17
VisualStudioVersion = 17.9.34728.123
MinimumVisualStudioVersion = 10.0.40219.1
Project("{9A19103F-16F7-4668-BE54-9A1E7A4F7556}") = "Lab1", "Lab1\Lab1.csproj", "{B5D86151-B88F-4F2B-B92B-5EBADE70E5F0}"
EndProject
Project("{9A19103F-16F7-4668-BE54-9A1E7A4F7556}") = "Lab1_Test", "Lab1_Test\Lab1_Test.csproj", "{60D44BD4-2B24-4627-829E-6ADF5BA8B364}"
EndProject
Global
	GlobalSection(SolutionConfigurationPlatforms) = preSolution
		Debug|Any CPU = Debug|Any CPU
		Release|Any CPU = Release|Any CPU
	EndGlobalSection
	GlobalSection(ProjectConfigurationPlatforms) = postSolution
		{B5D86151-B88F-4F2B-B92B-5EBADE70E5F0}.Debug|Any CPU.ActiveCfg = Debug|Any CPU
		{B5D86151-B88F-4F2B-B92B-5EBADE70E5F0}.Debug|Any CPU.Build.0 = Debug|Any CPU
		{B5D86151-B88F-4F2B-B92B-5EBADE70E5F0}.Release|Any CPU.ActiveCfg = Release|Any CPU
		{B5D86151-B88F-4F2B-B92B-5EBADE70E5F0}.Release|Any CPU.Build.0 = Release|Any CPU
		{60D44BD4-2B24-4627-829E-6ADF5BA8B364}.Debug|Any CPU.ActiveCfg = Debug|Any CPU
		{60D44BD4-2B24-4627-829E-6ADF5BA8B364}.Debug|Any CPU.Build.0 = Debug|Any CPU
		{60D44BD4-2B24-4627-829E-6ADF5BA8B364}.Release|Any CPU.ActiveCfg = Release|Any CPU
		{60D44BD4-2B24-4627-829E-6ADF5BA8B364}.Release|Any CPU.Build.0 = Release|Any CPU
	EndGlobalSection
	GlobalSection(SolutionProperties) = preSolution
		HideSolutionNode = FALSE
	EndGlobalSection
	GlobalSection(ExtensibilityGlobals) = postSolution
		SolutionGuid = {22FCFD4C-9847-41C8-B9A3-FB8924EEF73F}
	EndGlobalSection
EndGlobal
